
Microsoft Visual Studio Solution File, Format Version 12.00
# Visual Studio Version 17
VisualStudioVersion = 17.5.33516.290
MinimumVisualStudioVersion = 10.0.40219.1
Project("{9A19103F-16F7-4668-BE54-9A1E7A4F7556}") = "StudentAverageWeightCalculation", "StudentAverageWeightCalculation\StudentAverageWeightCalculation.csproj", "{786CD331-0D93-43C2-AA6E-FD0017ACE08A}"
EndProject
Project("{FAE04EC0-301F-11D3-BF4B-00C04F79EFBC}") = "SWC_App", "SWC_App\SWC_App.csproj", "{04F3B9E8-A9D8-4346-AD3C-F78DCB395110}"
EndProject
Global
	GlobalSection(SolutionConfigurationPlatforms) = preSolution
		Debug|Any CPU = Debug|Any CPU
		Release|Any CPU = Release|Any CPU
	EndGlobalSection
	GlobalSection(ProjectConfigurationPlatforms) = postSolution
		{786CD331-0D93-43C2-AA6E-FD0017ACE08A}.Debug|Any CPU.ActiveCfg = Debug|Any CPU
		{786CD331-0D93-43C2-AA6E-FD0017ACE08A}.Debug|Any CPU.Build.0 = Debug|Any CPU
		{786CD331-0D93-43C2-AA6E-FD0017ACE08A}.Release|Any CPU.ActiveCfg = Release|Any CPU
		{786CD331-0D93-43C2-AA6E-FD0017ACE08A}.Release|Any CPU.Build.0 = Release|Any CPU
		{04F3B9E8-A9D8-4346-AD3C-F78DCB395110}.Debug|Any CPU.ActiveCfg = Debug|Any CPU
		{04F3B9E8-A9D8-4346-AD3C-F78DCB395110}.Debug|Any CPU.Build.0 = Debug|Any CPU
		{04F3B9E8-A9D8-4346-AD3C-F78DCB395110}.Release|Any CPU.ActiveCfg = Release|Any CPU
		{04F3B9E8-A9D8-4346-AD3C-F78DCB395110}.Release|Any CPU.Build.0 = Release|Any CPU
	EndGlobalSection
	GlobalSection(SolutionProperties) = preSolution
		HideSolutionNode = FALSE
	EndGlobalSection
	GlobalSection(ExtensibilityGlobals) = postSolution
		SolutionGuid = {3647B31B-C229-47DA-AC9E-44287D978ADF}
	EndGlobalSection
EndGlobal
